
Microsoft Visual Studio Solution File, Format Version 12.00
# Visual Studio 15
VisualStudioVersion = 15.0.28010.2041
MinimumVisualStudioVersion = 10.0.40219.1
Project("{FAE04EC0-301F-11D3-BF4B-00C04F79EFBC}") = "BookStore", "BookStore\BookStore.csproj", "{2EED872B-C17B-4D57-8AC0-A81FBB4A053A}"
EndProject
Global
	GlobalSection(SolutionConfigurationPlatforms) = preSolution
		Debug|Any CPU = Debug|Any CPU
		Release|Any CPU = Release|Any CPU
	EndGlobalSection
	GlobalSection(ProjectConfigurationPlatforms) = postSolution
		{2EED872B-C17B-4D57-8AC0-A81FBB4A053A}.Debug|Any CPU.ActiveCfg = Debug|Any CPU
		{2EED872B-C17B-4D57-8AC0-A81FBB4A053A}.Debug|Any CPU.Build.0 = Debug|Any CPU
		{2EED872B-C17B-4D57-8AC0-A81FBB4A053A}.Release|Any CPU.ActiveCfg = Release|Any CPU
		{2EED872B-C17B-4D57-8AC0-A81FBB4A053A}.Release|Any CPU.Build.0 = Release|Any CPU
	EndGlobalSection
	GlobalSection(SolutionProperties) = preSolution
		HideSolutionNode = FALSE
	EndGlobalSection
	GlobalSection(ExtensibilityGlobals) = postSolution
		SolutionGuid = {9DCD83FC-8D4A-4EDE-A50F-729E30835819}
	EndGlobalSection
EndGlobal
